
Microsoft Visual Studio Solution File, Format Version 12.00
# Visual Studio Version 17
VisualStudioVersion = 17.4.33103.184
MinimumVisualStudioVersion = 10.0.40219.1
Project("{9A19103F-16F7-4668-BE54-9A1E7A4F7556}") = "Zadanie_6", "SampleWebApp\Zadanie_6.csproj", "{0C50429F-0950-4716-883E-898B43B1D112}"
EndProject
Global
	GlobalSection(SolutionConfigurationPlatforms) = preSolution
		Debug|Any CPU = Debug|Any CPU
		Release|Any CPU = Release|Any CPU
	EndGlobalSection
	GlobalSection(ProjectConfigurationPlatforms) = postSolution
		{0C50429F-0950-4716-883E-898B43B1D112}.Debug|Any CPU.ActiveCfg = Debug|Any CPU
		{0C50429F-0950-4716-883E-898B43B1D112}.Debug|Any CPU.Build.0 = Debug|Any CPU
		{0C50429F-0950-4716-883E-898B43B1D112}.Release|Any CPU.ActiveCfg = Release|Any CPU
		{0C50429F-0950-4716-883E-898B43B1D112}.Release|Any CPU.Build.0 = Release|Any CPU
	EndGlobalSection
	GlobalSection(SolutionProperties) = preSolution
		HideSolutionNode = FALSE
	EndGlobalSection
	GlobalSection(ExtensibilityGlobals) = postSolution
		SolutionGuid = {41492E93-3CAB-4687-9C16-3FCEAB1FAD5A}
	EndGlobalSection
EndGlobal
